// !$*UTF8*$!
{
	archiveVersion = 1;
	classes = {
	};
	objectVersion = 56;
	objects = {

/* Begin PBXBuildFile section */
		93DFCCF229ECF3D40011B59A /* Assets.xcassets in Resources */ = {isa = PBXBuildFile; fileRef = 93DFCCF129ECF3D40011B59A /* Assets.xcassets */; };
		93DFCCF529ECF3D40011B59A /* LaunchScreen.storyboard in Resources */ = {isa = PBXBuildFile; fileRef = 93DFCCF329ECF3D40011B59A /* LaunchScreen.storyboard */; };
		93DFCD0029ECF44F0011B59A /* RootTabBarViewController.swift in Sources */ = {isa = PBXBuildFile; fileRef = 93DFCCFD29ECF44F0011B59A /* RootTabBarViewController.swift */; };
		93DFCD0129ECF44F0011B59A /* AppDelegate.swift in Sources */ = {isa = PBXBuildFile; fileRef = 93DFCCFE29ECF44F0011B59A /* AppDelegate.swift */; };
		93DFCD0229ECF44F0011B59A /* SceneDelegate.swift in Sources */ = {isa = PBXBuildFile; fileRef = 93DFCCFF29ECF44F0011B59A /* SceneDelegate.swift */; };
		93DFCD0429ECF4570011B59A /* AssetViewController.swift in Sources */ = {isa = PBXBuildFile; fileRef = 93DFCD0329ECF4570011B59A /* AssetViewController.swift */; };
		93DFCD0629ECF7810011B59A /* BaseNavigationController.swift in Sources */ = {isa = PBXBuildFile; fileRef = 93DFCD0529ECF7810011B59A /* BaseNavigationController.swift */; };
		93DFCD0C29ECFB5C0011B59A /* SnapKit in Frameworks */ = {isa = PBXBuildFile; productRef = 93DFCD0B29ECFB5C0011B59A /* SnapKit */; };
		93DFCD0F29ECFC210011B59A /* MJRefresh in Frameworks */ = {isa = PBXBuildFile; productRef = 93DFCD0E29ECFC210011B59A /* MJRefresh */; };
		93DFCD1229ECFD0D0011B59A /* Kingfisher in Frameworks */ = {isa = PBXBuildFile; productRef = 93DFCD1129ECFD0D0011B59A /* Kingfisher */; };
		93DFCD1529ECFD4B0011B59A /* MBProgressHUD in Frameworks */ = {isa = PBXBuildFile; productRef = 93DFCD1429ECFD4B0011B59A /* MBProgressHUD */; };
		93DFCD1829ECFDE70011B59A /* HandyJSON in Frameworks */ = {isa = PBXBuildFile; productRef = 93DFCD1729ECFDE70011B59A /* HandyJSON */; };
		93DFCD1C29ED00330011B59A /* IQKeyboardManagerSwift in Frameworks */ = {isa = PBXBuildFile; productRef = 93DFCD1B29ED00330011B59A /* IQKeyboardManagerSwift */; };
		93DFCD1F29ED18120011B59A /* Alamofire in Frameworks */ = {isa = PBXBuildFile; productRef = 93DFCD1E29ED18120011B59A /* Alamofire */; };
		93DFCD2729ED1D3E0011B59A /* web3swift in Frameworks */ = {isa = PBXBuildFile; productRef = 93DFCD2629ED1D3E0011B59A /* web3swift */; };
		93DFCD2A29ED1FAD0011B59A /* SwifterSwift in Frameworks */ = {isa = PBXBuildFile; productRef = 93DFCD2929ED1FAD0011B59A /* SwifterSwift */; };
		93DFCD2E29ED208B0011B59A /* Global.swift in Sources */ = {isa = PBXBuildFile; fileRef = 93DFCD2D29ED208B0011B59A /* Global.swift */; };
		93E0197629EFF30A00C3120D /* ChainManager.swift in Sources */ = {isa = PBXBuildFile; fileRef = 93E0197529EFF30A00C3120D /* ChainManager.swift */; };
		93E0197829EFF35D00C3120D /* ChainModel.swift in Sources */ = {isa = PBXBuildFile; fileRef = 93E0197729EFF35D00C3120D /* ChainModel.swift */; };
		93E0197B29EFF82E00C3120D /* WalletManager.swift in Sources */ = {isa = PBXBuildFile; fileRef = 93E0197A29EFF82E00C3120D /* WalletManager.swift */; };
		93E0197D29EFF88E00C3120D /* EVMWallet.swift in Sources */ = {isa = PBXBuildFile; fileRef = 93E0197C29EFF88E00C3120D /* EVMWallet.swift */; };
		93E0197E29F0001F00C3120D /* chains.json in Resources */ = {isa = PBXBuildFile; fileRef = 93E0197129EFEB2400C3120D /* chains.json */; };
		93E0198029F27F0300C3120D /* StorageManager.swift in Sources */ = {isa = PBXBuildFile; fileRef = 93E0197F29F27F0300C3120D /* StorageManager.swift */; };
		93E0198329F8FED600C3120D /* KeystoreManagerExtension.swift in Sources */ = {isa = PBXBuildFile; fileRef = 93E0198229F8FED600C3120D /* KeystoreManagerExtension.swift */; };
/* End PBXBuildFile section */

/* Begin PBXFileReference section */
		93DFCCE529ECF3D30011B59A /* Wallet.app */ = {isa = PBXFileReference; explicitFileType = wrapper.application; includeInIndex = 0; path = Wallet.app; sourceTree = BUILT_PRODUCTS_DIR; };
		93DFCCF129ECF3D40011B59A /* Assets.xcassets */ = {isa = PBXFileReference; lastKnownFileType = folder.assetcatalog; path = Assets.xcassets; sourceTree = "<group>"; };
		93DFCCF429ECF3D40011B59A /* Base */ = {isa = PBXFileReference; lastKnownFileType = file.storyboard; name = Base; path = Base.lproj/LaunchScreen.storyboard; sourceTree = "<group>"; };
		93DFCCF629ECF3D40011B59A /* Info.plist */ = {isa = PBXFileReference; lastKnownFileType = text.plist.xml; path = Info.plist; sourceTree = "<group>"; };
		93DFCCFD29ECF44F0011B59A /* RootTabBarViewController.swift */ = {isa = PBXFileReference; fileEncoding = 4; lastKnownFileType = sourcecode.swift; path = RootTabBarViewController.swift; sourceTree = "<group>"; };
		93DFCCFE29ECF44F0011B59A /* AppDelegate.swift */ = {isa = PBXFileReference; fileEncoding = 4; lastKnownFileType = sourcecode.swift; path = AppDelegate.swift; sourceTree = "<group>"; };
		93DFCCFF29ECF44F0011B59A /* SceneDelegate.swift */ = {isa = PBXFileReference; fileEncoding = 4; lastKnownFileType = sourcecode.swift; path = SceneDelegate.swift; sourceTree = "<group>"; };
		93DFCD0329ECF4570011B59A /* AssetViewController.swift */ = {isa = PBXFileReference; fileEncoding = 4; lastKnownFileType = sourcecode.swift; path = AssetViewController.swift; sourceTree = "<group>"; };
		93DFCD0529ECF7810011B59A /* BaseNavigationController.swift */ = {isa = PBXFileReference; lastKnownFileType = sourcecode.swift; path = BaseNavigationController.swift; sourceTree = "<group>"; };
		93DFCD2D29ED208B0011B59A /* Global.swift */ = {isa = PBXFileReference; lastKnownFileType = sourcecode.swift; path = Global.swift; sourceTree = "<group>"; };
		93E0197129EFEB2400C3120D /* chains.json */ = {isa = PBXFileReference; lastKnownFileType = text.json; path = chains.json; sourceTree = "<group>"; };
		93E0197529EFF30A00C3120D /* ChainManager.swift */ = {isa = PBXFileReference; lastKnownFileType = sourcecode.swift; path = ChainManager.swift; sourceTree = "<group>"; };
		93E0197729EFF35D00C3120D /* ChainModel.swift */ = {isa = PBXFileReference; lastKnownFileType = sourcecode.swift; path = ChainModel.swift; sourceTree = "<group>"; };
		93E0197A29EFF82E00C3120D /* WalletManager.swift */ = {isa = PBXFileReference; lastKnownFileType = sourcecode.swift; path = WalletManager.swift; sourceTree = "<group>"; };
		93E0197C29EFF88E00C3120D /* EVMWallet.swift */ = {isa = PBXFileReference; lastKnownFileType = sourcecode.swift; path = EVMWallet.swift; sourceTree = "<group>"; };
		93E0197F29F27F0300C3120D /* StorageManager.swift */ = {isa = PBXFileReference; lastKnownFileType = sourcecode.swift; path = StorageManager.swift; sourceTree = "<group>"; };
		93E0198229F8FED600C3120D /* KeystoreManagerExtension.swift */ = {isa = PBXFileReference; lastKnownFileType = sourcecode.swift; path = KeystoreManagerExtension.swift; sourceTree = "<group>"; };
/* End PBXFileReference section */

/* Begin PBXFrameworksBuildPhase section */
		93DFCCE229ECF3D30011B59A /* Frameworks */ = {
			isa = PBXFrameworksBuildPhase;
			buildActionMask = 2147483647;
			files = (
				93DFCD1C29ED00330011B59A /* IQKeyboardManagerSwift in Frameworks */,
				93DFCD1F29ED18120011B59A /* Alamofire in Frameworks */,
				93DFCD1229ECFD0D0011B59A /* Kingfisher in Frameworks */,
				93DFCD2A29ED1FAD0011B59A /* SwifterSwift in Frameworks */,
				93DFCD1529ECFD4B0011B59A /* MBProgressHUD in Frameworks */,
				93DFCD1829ECFDE70011B59A /* HandyJSON in Frameworks */,
				93DFCD0F29ECFC210011B59A /* MJRefresh in Frameworks */,
				93DFCD0C29ECFB5C0011B59A /* SnapKit in Frameworks */,
				93DFCD2729ED1D3E0011B59A /* web3swift in Frameworks */,
			);
			runOnlyForDeploymentPostprocessing = 0;
		};
/* End PBXFrameworksBuildPhase section */

/* Begin PBXGroup section */
		93DFCCDC29ECF3D30011B59A = {
			isa = PBXGroup;
			children = (
				93DFCCE729ECF3D30011B59A /* Wallet */,
				93DFCCE629ECF3D30011B59A /* Products */,
			);
			sourceTree = "<group>";
		};
		93DFCCE629ECF3D30011B59A /* Products */ = {
			isa = PBXGroup;
			children = (
				93DFCCE529ECF3D30011B59A /* Wallet.app */,
			);
			name = Products;
			sourceTree = "<group>";
		};
		93DFCCE729ECF3D30011B59A /* Wallet */ = {
			isa = PBXGroup;
			children = (
				93DFCD2C29ED20690011B59A /* Common */,
				93DFCD2B29ED20560011B59A /* Tool */,
				93DFCD2329ED18650011B59A /* Resources */,
				93DFCD2429ED18B90011B59A /* Function */,
				93DFCD2129ED18330011B59A /* Base */,
			);
			path = Wallet;
			sourceTree = "<group>";
		};
		93DFCCFC29ECF44F0011B59A /* Root */ = {
			isa = PBXGroup;
			children = (
				93DFCCFE29ECF44F0011B59A /* AppDelegate.swift */,
				93DFCCFF29ECF44F0011B59A /* SceneDelegate.swift */,
				93DFCCFD29ECF44F0011B59A /* RootTabBarViewController.swift */,
			);
			path = Root;
			sourceTree = "<group>";
		};
		93DFCD2029ED18280011B59A /* Assets */ = {
			isa = PBXGroup;
			children = (
				93DFCD0329ECF4570011B59A /* AssetViewController.swift */,
			);
			path = Assets;
			sourceTree = "<group>";
		};
		93DFCD2129ED18330011B59A /* Base */ = {
			isa = PBXGroup;
			children = (
				93DFCD0529ECF7810011B59A /* BaseNavigationController.swift */,
			);
			path = Base;
			sourceTree = "<group>";
		};
		93DFCD2329ED18650011B59A /* Resources */ = {
			isa = PBXGroup;
			children = (
				93DFCCF129ECF3D40011B59A /* Assets.xcassets */,
				93E0197129EFEB2400C3120D /* chains.json */,
				93DFCCF329ECF3D40011B59A /* LaunchScreen.storyboard */,
				93DFCCF629ECF3D40011B59A /* Info.plist */,
			);
			path = Resources;
			sourceTree = "<group>";
		};
		93DFCD2429ED18B90011B59A /* Function */ = {
			isa = PBXGroup;
			children = (
				93DFCCFC29ECF44F0011B59A /* Root */,
				93DFCD2029ED18280011B59A /* Assets */,
			);
			path = Function;
			sourceTree = "<group>";
		};
		93DFCD2B29ED20560011B59A /* Tool */ = {
			isa = PBXGroup;
			children = (
				93E0197929EFF81B00C3120D /* WalletTool */,
				93E0197229EFF2DC00C3120D /* ChainTool */,
			);
			path = Tool;
			sourceTree = "<group>";
		};
		93DFCD2C29ED20690011B59A /* Common */ = {
			isa = PBXGroup;
			children = (
				93DFCD2D29ED208B0011B59A /* Global.swift */,
				93E0198129F8FEC600C3120D /* Extension */,
			);
			path = Common;
			sourceTree = "<group>";
		};
		93E0197229EFF2DC00C3120D /* ChainTool */ = {
			isa = PBXGroup;
			children = (
				93E0197529EFF30A00C3120D /* ChainManager.swift */,
				93E0197729EFF35D00C3120D /* ChainModel.swift */,
			);
			path = ChainTool;
			sourceTree = "<group>";
		};
		93E0197929EFF81B00C3120D /* WalletTool */ = {
			isa = PBXGroup;
			children = (
				93E0197A29EFF82E00C3120D /* WalletManager.swift */,
				93E0197C29EFF88E00C3120D /* EVMWallet.swift */,
				93E0197F29F27F0300C3120D /* StorageManager.swift */,
			);
			path = WalletTool;
			sourceTree = "<group>";
		};
		93E0198129F8FEC600C3120D /* Extension */ = {
			isa = PBXGroup;
			children = (
				93E0198229F8FED600C3120D /* KeystoreManagerExtension.swift */,
			);
			path = Extension;
			sourceTree = "<group>";
		};
/* End PBXGroup section */

/* Begin PBXNativeTarget section */
		93DFCCE429ECF3D30011B59A /* Wallet */ = {
			isa = PBXNativeTarget;
			buildConfigurationList = 93DFCCF929ECF3D40011B59A /* Build configuration list for PBXNativeTarget "Wallet" */;
			buildPhases = (
				93DFCCE129ECF3D30011B59A /* Sources */,
				93DFCCE229ECF3D30011B59A /* Frameworks */,
				93DFCCE329ECF3D30011B59A /* Resources */,
			);
			buildRules = (
			);
			dependencies = (
			);
			name = Wallet;
			packageProductDependencies = (
				93DFCD0B29ECFB5C0011B59A /* SnapKit */,
				93DFCD0E29ECFC210011B59A /* MJRefresh */,
				93DFCD1129ECFD0D0011B59A /* Kingfisher */,
				93DFCD1429ECFD4B0011B59A /* MBProgressHUD */,
				93DFCD1729ECFDE70011B59A /* HandyJSON */,
				93DFCD1B29ED00330011B59A /* IQKeyboardManagerSwift */,
				93DFCD1E29ED18120011B59A /* Alamofire */,
				93DFCD2629ED1D3E0011B59A /* web3swift */,
				93DFCD2929ED1FAD0011B59A /* SwifterSwift */,
			);
			productName = Wallet;
			productReference = 93DFCCE529ECF3D30011B59A /* Wallet.app */;
			productType = "com.apple.product-type.application";
		};
/* End PBXNativeTarget section */

/* Begin PBXProject section */
		93DFCCDD29ECF3D30011B59A /* Project object */ = {
			isa = PBXProject;
			attributes = {
				BuildIndependentTargetsInParallel = 1;
				LastSwiftUpdateCheck = 1400;
				LastUpgradeCheck = 1400;
				TargetAttributes = {
					93DFCCE429ECF3D30011B59A = {
						CreatedOnToolsVersion = 14.0.1;
					};
				};
			};
			buildConfigurationList = 93DFCCE029ECF3D30011B59A /* Build configuration list for PBXProject "Wallet" */;
			compatibilityVersion = "Xcode 14.0";
			developmentRegion = en;
			hasScannedForEncodings = 0;
			knownRegions = (
				en,
				Base,
			);
			mainGroup = 93DFCCDC29ECF3D30011B59A;
			packageReferences = (
				93DFCD0A29ECFB5C0011B59A /* XCRemoteSwiftPackageReference "SnapKit" */,
				93DFCD0D29ECFC210011B59A /* XCRemoteSwiftPackageReference "MJRefresh" */,
				93DFCD1029ECFD0D0011B59A /* XCRemoteSwiftPackageReference "Kingfisher" */,
				93DFCD1329ECFD4B0011B59A /* XCRemoteSwiftPackageReference "MBProgressHUD" */,
				93DFCD1629ECFDE70011B59A /* XCRemoteSwiftPackageReference "HandyJSON" */,
				93DFCD1A29ED00330011B59A /* XCRemoteSwiftPackageReference "IQKeyboardManager" */,
				93DFCD1D29ED18120011B59A /* XCRemoteSwiftPackageReference "Alamofire" */,
				93DFCD2529ED1D3E0011B59A /* XCRemoteSwiftPackageReference "web3swift" */,
				93DFCD2829ED1FAD0011B59A /* XCRemoteSwiftPackageReference "SwifterSwift" */,
			);
			productRefGroup = 93DFCCE629ECF3D30011B59A /* Products */;
			projectDirPath = "";
			projectRoot = "";
			targets = (
				93DFCCE429ECF3D30011B59A /* Wallet */,
			);
		};
/* End PBXProject section */

/* Begin PBXResourcesBuildPhase section */
		93DFCCE329ECF3D30011B59A /* Resources */ = {
			isa = PBXResourcesBuildPhase;
			buildActionMask = 2147483647;
			files = (
				93DFCCF529ECF3D40011B59A /* LaunchScreen.storyboard in Resources */,
				93E0197E29F0001F00C3120D /* chains.json in Resources */,
				93DFCCF229ECF3D40011B59A /* Assets.xcassets in Resources */,
			);
			runOnlyForDeploymentPostprocessing = 0;
		};
/* End PBXResourcesBuildPhase section */

/* Begin PBXSourcesBuildPhase section */
		93DFCCE129ECF3D30011B59A /* Sources */ = {
			isa = PBXSourcesBuildPhase;
			buildActionMask = 2147483647;
			files = (
				93E0197D29EFF88E00C3120D /* EVMWallet.swift in Sources */,
				93E0198029F27F0300C3120D /* StorageManager.swift in Sources */,
				93DFCD0129ECF44F0011B59A /* AppDelegate.swift in Sources */,
				93DFCD0029ECF44F0011B59A /* RootTabBarViewController.swift in Sources */,
				93DFCD2E29ED208B0011B59A /* Global.swift in Sources */,
				93DFCD0229ECF44F0011B59A /* SceneDelegate.swift in Sources */,
				93E0197629EFF30A00C3120D /* ChainManager.swift in Sources */,
				93DFCD0629ECF7810011B59A /* BaseNavigationController.swift in Sources */,
				93E0197B29EFF82E00C3120D /* WalletManager.swift in Sources */,
				93DFCD0429ECF4570011B59A /* AssetViewController.swift in Sources */,
				93E0197829EFF35D00C3120D /* ChainModel.swift in Sources */,
				93E0198329F8FED600C3120D /* KeystoreManagerExtension.swift in Sources */,
			);
			runOnlyForDeploymentPostprocessing = 0;
		};
/* End PBXSourcesBuildPhase section */

/* Begin PBXVariantGroup section */
		93DFCCF329ECF3D40011B59A /* LaunchScreen.storyboard */ = {
			isa = PBXVariantGroup;
			children = (
				93DFCCF429ECF3D40011B59A /* Base */,
			);
			name = LaunchScreen.storyboard;
			sourceTree = "<group>";
		};
/* End PBXVariantGroup section */

/* Begin XCBuildConfiguration section */
		93DFCCF729ECF3D40011B59A /* Debug */ = {
			isa = XCBuildConfiguration;
			buildSettings = {
				ALWAYS_SEARCH_USER_PATHS = NO;
				CLANG_ANALYZER_NONNULL = YES;
				CLANG_ANALYZER_NUMBER_OBJECT_CONVERSION = YES_AGGRESSIVE;
				CLANG_CXX_LANGUAGE_STANDARD = "gnu++20";
				CLANG_ENABLE_MODULES = YES;
				CLANG_ENABLE_OBJC_ARC = YES;
				CLANG_ENABLE_OBJC_WEAK = YES;
				CLANG_WARN_BLOCK_CAPTURE_AUTORELEASING = YES;
				CLANG_WARN_BOOL_CONVERSION = YES;
				CLANG_WARN_COMMA = YES;
				CLANG_WARN_CONSTANT_CONVERSION = YES;
				CLANG_WARN_DEPRECATED_OBJC_IMPLEMENTATIONS = YES;
				CLANG_WARN_DIRECT_OBJC_ISA_USAGE = YES_ERROR;
				CLANG_WARN_DOCUMENTATION_COMMENTS = YES;
				CLANG_WARN_EMPTY_BODY = YES;
				CLANG_WARN_ENUM_CONVERSION = YES;
				CLANG_WARN_INFINITE_RECURSION = YES;
				CLANG_WARN_INT_CONVERSION = YES;
				CLANG_WARN_NON_LITERAL_NULL_CONVERSION = YES;
				CLANG_WARN_OBJC_IMPLICIT_RETAIN_SELF = YES;
				CLANG_WARN_OBJC_LITERAL_CONVERSION = YES;
				CLANG_WARN_OBJC_ROOT_CLASS = YES_ERROR;
				CLANG_WARN_QUOTED_INCLUDE_IN_FRAMEWORK_HEADER = YES;
				CLANG_WARN_RANGE_LOOP_ANALYSIS = YES;
				CLANG_WARN_STRICT_PROTOTYPES = YES;
				CLANG_WARN_SUSPICIOUS_MOVE = YES;
				CLANG_WARN_UNGUARDED_AVAILABILITY = YES_AGGRESSIVE;
				CLANG_WARN_UNREACHABLE_CODE = YES;
				CLANG_WARN__DUPLICATE_METHOD_MATCH = YES;
				COPY_PHASE_STRIP = NO;
				DEBUG_INFORMATION_FORMAT = dwarf;
				ENABLE_STRICT_OBJC_MSGSEND = YES;
				ENABLE_TESTABILITY = YES;
				GCC_C_LANGUAGE_STANDARD = gnu11;
				GCC_DYNAMIC_NO_PIC = NO;
				GCC_NO_COMMON_BLOCKS = YES;
				GCC_OPTIMIZATION_LEVEL = 0;
				GCC_PREPROCESSOR_DEFINITIONS = (
					"DEBUG=1",
					"$(inherited)",
				);
				GCC_WARN_64_TO_32_BIT_CONVERSION = YES;
				GCC_WARN_ABOUT_RETURN_TYPE = YES_ERROR;
				GCC_WARN_UNDECLARED_SELECTOR = YES;
				GCC_WARN_UNINITIALIZED_AUTOS = YES_AGGRESSIVE;
				GCC_WARN_UNUSED_FUNCTION = YES;
				GCC_WARN_UNUSED_VARIABLE = YES;
				IPHONEOS_DEPLOYMENT_TARGET = 16.0;
				MTL_ENABLE_DEBUG_INFO = INCLUDE_SOURCE;
				MTL_FAST_MATH = YES;
				ONLY_ACTIVE_ARCH = YES;
				SDKROOT = iphoneos;
				SWIFT_ACTIVE_COMPILATION_CONDITIONS = DEBUG;
				SWIFT_OPTIMIZATION_LEVEL = "-Onone";
			};
			name = Debug;
		};
		93DFCCF829ECF3D40011B59A /* Release */ = {
			isa = XCBuildConfiguration;
			buildSettings = {
				ALWAYS_SEARCH_USER_PATHS = NO;
				CLANG_ANALYZER_NONNULL = YES;
				CLANG_ANALYZER_NUMBER_OBJECT_CONVERSION = YES_AGGRESSIVE;
				CLANG_CXX_LANGUAGE_STANDARD = "gnu++20";
				CLANG_ENABLE_MODULES = YES;
				CLANG_ENABLE_OBJC_ARC = YES;
				CLANG_ENABLE_OBJC_WEAK = YES;
				CLANG_WARN_BLOCK_CAPTURE_AUTORELEASING = YES;
				CLANG_WARN_BOOL_CONVERSION = YES;
				CLANG_WARN_COMMA = YES;
				CLANG_WARN_CONSTANT_CONVERSION = YES;
				CLANG_WARN_DEPRECATED_OBJC_IMPLEMENTATIONS = YES;
				CLANG_WARN_DIRECT_OBJC_ISA_USAGE = YES_ERROR;
				CLANG_WARN_DOCUMENTATION_COMMENTS = YES;
				CLANG_WARN_EMPTY_BODY = YES;
				CLANG_WARN_ENUM_CONVERSION = YES;
				CLANG_WARN_INFINITE_RECURSION = YES;
				CLANG_WARN_INT_CONVERSION = YES;
				CLANG_WARN_NON_LITERAL_NULL_CONVERSION = YES;
				CLANG_WARN_OBJC_IMPLICIT_RETAIN_SELF = YES;
				CLANG_WARN_OBJC_LITERAL_CONVERSION = YES;
				CLANG_WARN_OBJC_ROOT_CLASS = YES_ERROR;
				CLANG_WARN_QUOTED_INCLUDE_IN_FRAMEWORK_HEADER = YES;
				CLANG_WARN_RANGE_LOOP_ANALYSIS = YES;
				CLANG_WARN_STRICT_PROTOTYPES = YES;
				CLANG_WARN_SUSPICIOUS_MOVE = YES;
				CLANG_WARN_UNGUARDED_AVAILABILITY = YES_AGGRESSIVE;
				CLANG_WARN_UNREACHABLE_CODE = YES;
				CLANG_WARN__DUPLICATE_METHOD_MATCH = YES;
				COPY_PHASE_STRIP = NO;
				DEBUG_INFORMATION_FORMAT = "dwarf-with-dsym";
				ENABLE_NS_ASSERTIONS = NO;
				ENABLE_STRICT_OBJC_MSGSEND = YES;
				GCC_C_LANGUAGE_STANDARD = gnu11;
				GCC_NO_COMMON_BLOCKS = YES;
				GCC_WARN_64_TO_32_BIT_CONVERSION = YES;
				GCC_WARN_ABOUT_RETURN_TYPE = YES_ERROR;
				GCC_WARN_UNDECLARED_SELECTOR = YES;
				GCC_WARN_UNINITIALIZED_AUTOS = YES_AGGRESSIVE;
				GCC_WARN_UNUSED_FUNCTION = YES;
				GCC_WARN_UNUSED_VARIABLE = YES;
				IPHONEOS_DEPLOYMENT_TARGET = 16.0;
				MTL_ENABLE_DEBUG_INFO = NO;
				MTL_FAST_MATH = YES;
				SDKROOT = iphoneos;
				SWIFT_COMPILATION_MODE = wholemodule;
				SWIFT_OPTIMIZATION_LEVEL = "-O";
				VALIDATE_PRODUCT = YES;
			};
			name = Release;
		};
		93DFCCFA29ECF3D40011B59A /* Debug */ = {
			isa = XCBuildConfiguration;
			buildSettings = {
				ASSETCATALOG_COMPILER_APPICON_NAME = AppIcon;
				ASSETCATALOG_COMPILER_GLOBAL_ACCENT_COLOR_NAME = AccentColor;
				CODE_SIGN_STYLE = Automatic;
				CURRENT_PROJECT_VERSION = 1;
				DEVELOPMENT_TEAM = UZT23M6T33;
				GENERATE_INFOPLIST_FILE = YES;
				INFOPLIST_FILE = Wallet/Resources/Info.plist;
				INFOPLIST_KEY_UIApplicationSupportsIndirectInputEvents = YES;
				INFOPLIST_KEY_UILaunchStoryboardName = LaunchScreen;
				INFOPLIST_KEY_UISupportedInterfaceOrientations_iPad = "UIInterfaceOrientationPortrait UIInterfaceOrientationPortraitUpsideDown UIInterfaceOrientationLandscapeLeft UIInterfaceOrientationLandscapeRight";
				INFOPLIST_KEY_UISupportedInterfaceOrientations_iPhone = "UIInterfaceOrientationPortrait UIInterfaceOrientationLandscapeLeft UIInterfaceOrientationLandscapeRight";
				LD_RUNPATH_SEARCH_PATHS = (
					"$(inherited)",
					"@executable_path/Frameworks",
				);
				MARKETING_VERSION = 1.0;
				PRODUCT_BUNDLE_IDENTIFIER = cn.yan.app.Wallet;
				PRODUCT_NAME = "$(TARGET_NAME)";
				SWIFT_EMIT_LOC_STRINGS = YES;
				SWIFT_VERSION = 5.0;
				TARGETED_DEVICE_FAMILY = "1,2";
			};
			name = Debug;
		};
		93DFCCFB29ECF3D40011B59A /* Release */ = {
			isa = XCBuildConfiguration;
			buildSettings = {
				ASSETCATALOG_COMPILER_APPICON_NAME = AppIcon;
				ASSETCATALOG_COMPILER_GLOBAL_ACCENT_COLOR_NAME = AccentColor;
				CODE_SIGN_STYLE = Automatic;
				CURRENT_PROJECT_VERSION = 1;
				DEVELOPMENT_TEAM = UZT23M6T33;
				GENERATE_INFOPLIST_FILE = YES;
				INFOPLIST_FILE = Wallet/Resources/Info.plist;
				INFOPLIST_KEY_UIApplicationSupportsIndirectInputEvents = YES;
				INFOPLIST_KEY_UILaunchStoryboardName = LaunchScreen;
				INFOPLIST_KEY_UISupportedInterfaceOrientations_iPad = "UIInterfaceOrientationPortrait UIInterfaceOrientationPortraitUpsideDown UIInterfaceOrientationLandscapeLeft UIInterfaceOrientationLandscapeRight";
				INFOPLIST_KEY_UISupportedInterfaceOrientations_iPhone = "UIInterfaceOrientationPortrait UIInterfaceOrientationLandscapeLeft UIInterfaceOrientationLandscapeRight";
				LD_RUNPATH_SEARCH_PATHS = (
					"$(inherited)",
					"@executable_path/Frameworks",
				);
				MARKETING_VERSION = 1.0;
				PRODUCT_BUNDLE_IDENTIFIER = cn.yan.app.Wallet;
				PRODUCT_NAME = "$(TARGET_NAME)";
				SWIFT_EMIT_LOC_STRINGS = YES;
				SWIFT_VERSION = 5.0;
				TARGETED_DEVICE_FAMILY = "1,2";
			};
			name = Release;
		};
/* End XCBuildConfiguration section */

/* Begin XCConfigurationList section */
		93DFCCE029ECF3D30011B59A /* Build configuration list for PBXProject "Wallet" */ = {
			isa = XCConfigurationList;
			buildConfigurations = (
				93DFCCF729ECF3D40011B59A /* Debug */,
				93DFCCF829ECF3D40011B59A /* Release */,
			);
			defaultConfigurationIsVisible = 0;
			defaultConfigurationName = Release;
		};
		93DFCCF929ECF3D40011B59A /* Build configuration list for PBXNativeTarget "Wallet" */ = {
			isa = XCConfigurationList;
			buildConfigurations = (
				93DFCCFA29ECF3D40011B59A /* Debug */,
				93DFCCFB29ECF3D40011B59A /* Release */,
			);
			defaultConfigurationIsVisible = 0;
			defaultConfigurationName = Release;
		};
/* End XCConfigurationList section */

/* Begin XCRemoteSwiftPackageReference section */
		93DFCD0A29ECFB5C0011B59A /* XCRemoteSwiftPackageReference "SnapKit" */ = {
			isa = XCRemoteSwiftPackageReference;
			repositoryURL = "https://github.com/SnapKit/SnapKit.git";
			requirement = {
				kind = upToNextMajorVersion;
				minimumVersion = 5.0.0;
			};
		};
		93DFCD0D29ECFC210011B59A /* XCRemoteSwiftPackageReference "MJRefresh" */ = {
			isa = XCRemoteSwiftPackageReference;
			repositoryURL = "https://github.com/CoderMJLee/MJRefresh";
			requirement = {
				kind = upToNextMajorVersion;
				minimumVersion = 3.0.0;
			};
		};
		93DFCD1029ECFD0D0011B59A /* XCRemoteSwiftPackageReference "Kingfisher" */ = {
			isa = XCRemoteSwiftPackageReference;
			repositoryURL = "https://github.com/onevcat/Kingfisher";
			requirement = {
				kind = upToNextMajorVersion;
				minimumVersion = 7.0.0;
			};
		};
		93DFCD1329ECFD4B0011B59A /* XCRemoteSwiftPackageReference "MBProgressHUD" */ = {
			isa = XCRemoteSwiftPackageReference;
			repositoryURL = "https://github.com/jdg/MBProgressHUD";
			requirement = {
				kind = upToNextMajorVersion;
				minimumVersion = 1.0.0;
			};
		};
		93DFCD1629ECFDE70011B59A /* XCRemoteSwiftPackageReference "HandyJSON" */ = {
			isa = XCRemoteSwiftPackageReference;
			repositoryURL = "https://github.com/alibaba/HandyJSON";
			requirement = {
				kind = upToNextMajorVersion;
				minimumVersion = 5.0.0;
			};
		};
		93DFCD1A29ED00330011B59A /* XCRemoteSwiftPackageReference "IQKeyboardManager" */ = {
			isa = XCRemoteSwiftPackageReference;
			repositoryURL = "https://github.com/hackiftekhar/IQKeyboardManager.git";
			requirement = {
				kind = upToNextMajorVersion;
				minimumVersion = 6.5.0;
			};
		};
		93DFCD1D29ED18120011B59A /* XCRemoteSwiftPackageReference "Alamofire" */ = {
			isa = XCRemoteSwiftPackageReference;
			repositoryURL = "https://github.com/Alamofire/Alamofire.git";
			requirement = {
				branch = master;
				kind = branch;
			};
		};
		93DFCD2529ED1D3E0011B59A /* XCRemoteSwiftPackageReference "web3swift" */ = {
			isa = XCRemoteSwiftPackageReference;
			repositoryURL = "https://github.com/web3swift-team/web3swift.git";
			requirement = {
				kind = upToNextMajorVersion;
				minimumVersion = 3.0.0;
			};
		};
		93DFCD2829ED1FAD0011B59A /* XCRemoteSwiftPackageReference "SwifterSwift" */ = {
			isa = XCRemoteSwiftPackageReference;
			repositoryURL = "https://github.com/SwifterSwift/SwifterSwift";
			requirement = {
				branch = master;
				kind = branch;
			};
		};
/* End XCRemoteSwiftPackageReference section */

/* Begin XCSwiftPackageProductDependency section */
		93DFCD0B29ECFB5C0011B59A /* SnapKit */ = {
			isa = XCSwiftPackageProductDependency;
			package = 93DFCD0A29ECFB5C0011B59A /* XCRemoteSwiftPackageReference "SnapKit" */;
			productName = SnapKit;
		};
		93DFCD0E29ECFC210011B59A /* MJRefresh */ = {
			isa = XCSwiftPackageProductDependency;
			package = 93DFCD0D29ECFC210011B59A /* XCRemoteSwiftPackageReference "MJRefresh" */;
			productName = MJRefresh;
		};
		93DFCD1129ECFD0D0011B59A /* Kingfisher */ = {
			isa = XCSwiftPackageProductDependency;
			package = 93DFCD1029ECFD0D0011B59A /* XCRemoteSwiftPackageReference "Kingfisher" */;
			productName = Kingfisher;
		};
		93DFCD1429ECFD4B0011B59A /* MBProgressHUD */ = {
			isa = XCSwiftPackageProductDependency;
			package = 93DFCD1329ECFD4B0011B59A /* XCRemoteSwiftPackageReference "MBProgressHUD" */;
			productName = MBProgressHUD;
		};
		93DFCD1729ECFDE70011B59A /* HandyJSON */ = {
			isa = XCSwiftPackageProductDependency;
			package = 93DFCD1629ECFDE70011B59A /* XCRemoteSwiftPackageReference "HandyJSON" */;
			productName = HandyJSON;
		};
		93DFCD1B29ED00330011B59A /* IQKeyboardManagerSwift */ = {
			isa = XCSwiftPackageProductDependency;
			package = 93DFCD1A29ED00330011B59A /* XCRemoteSwiftPackageReference "IQKeyboardManager" */;
			productName = IQKeyboardManagerSwift;
		};
		93DFCD1E29ED18120011B59A /* Alamofire */ = {
			isa = XCSwiftPackageProductDependency;
			package = 93DFCD1D29ED18120011B59A /* XCRemoteSwiftPackageReference "Alamofire" */;
			productName = Alamofire;
		};
		93DFCD2629ED1D3E0011B59A /* web3swift */ = {
			isa = XCSwiftPackageProductDependency;
			package = 93DFCD2529ED1D3E0011B59A /* XCRemoteSwiftPackageReference "web3swift" */;
			productName = web3swift;
		};
		93DFCD2929ED1FAD0011B59A /* SwifterSwift */ = {
			isa = XCSwiftPackageProductDependency;
			package = 93DFCD2829ED1FAD0011B59A /* XCRemoteSwiftPackageReference "SwifterSwift" */;
			productName = SwifterSwift;
		};
/* End XCSwiftPackageProductDependency section */
	};
	rootObject = 93DFCCDD29ECF3D30011B59A /* Project object */;
}
